{
    "version": "0.5",
    "requires": [
        "zstd/1.5.7#b68ca8e3de04ba5957761751d1d661f4%1760955092.069",
        "zlib/1.3.2#1cb806da49011867778ffb6ac7190fcb%1777558780.503",
        "yaml-cpp/0.8.0#1aa371213f0307605d88ad5445581aff%1773246038.815",
        "re2/20230301#e697243fa7b545eefaa91fba7ba44146%1772560733.506",
        "rapidjson/cci.20230929#8dc0392af2b3aaea7312095f0ba53467%1705070242.903",
        "protobuf/5.29.3#2106fa74a66b9c0166a38dd01c74c88e%1768401322.455",
        "opentelemetry-proto/1.4.0#4096a3b05916675ef9628f3ffd571f51%1732731336.11",
        "openssl/3.6.3#a81313131c78c6414f25b5fe0a83204b%1783446193.901",
        "lz4/1.9.4#a2f02ad3908618757c68d3618256a196%1775037236.076",
        "librdkafka/2.8.0#7820c02b94e20bff65b5e436ebcef929%1736560129.245",
        "libnghttp2/1.68.1#450f9371fe10a6ec2e0654f1c67f6549%1775052032.68",
        "libiconv/1.18#6777b6045492997dd87e1f55a027e551%1774021606.149",
        "libev/4.33#a74e6bebc2554bf08eb526b8af73ef00%1676748748.48",
        "libcurl/8.21.0#dd94e078c967e162aae33d353142fa31%1786959569.239",
        "libbacktrace/cci.20210118#a7691bfccd8caaf66309df196790a5a1%1722218217.276",
        "jemalloc/5.3.1#1fc58d55316041f10fbc1e8a2eae632a%1776700028.228",
        "icu/76.1#1e87bec085e922942ddeccfeeb730ef1%1786358645.361",
        "gtest/1.15.0#9eba70e54373fb7325151ad3375934a1%1743410805.366",
        "grpc/1.71.0#fee18bdf773502d7abeaab0c4f931fd7%1761821350.597",
        "googleapis/2023.5.1#24d4d6d527716853a476939247dbd41a%1787598511.36004",
        "fmt/12.2.0#b445244e6d0151a425e229248cd2bed8%1785754552.386",
        "cyrus-sasl/2.1.28#63d62aec7c173849fb8a4e233b5667bf%1778160892.278",
        "cryptopp/8.9.0#7a51e0038756b21bc3a6b82d681d5906%1758206597.119",
        "concurrentqueue/1.0.5#f6796fae4ff3b46efec3dc2c1a6ab8e1%1775479722.059",
        "cctz/2.4#27224240ecfa5ac5d40f3cb30104b97b%1743005591.27",
        "c-ares/1.34.8#074b97a9e38159813ed5e2dcfeb290ca%1784539118.141",
        "bzip2/1.0.8#c470882369c2d95c5c77e970c0c7e321%1762886692.465",
        "boost/1.87.0#38abbe147a714a9c3fd75f8bc17f1f02%1783338732.376",
        "benchmark/1.9.5#b885dc73ad67b40a55d45684d1c88ad1%1774363287.434",
        "abseil/20240722.1#23fab6de6fb8f7dec1256e65e4dc3f5e%1773137905.064"
    ],
    "build_requires": [
        "zlib/1.3.2#1cb806da49011867778ffb6ac7190fcb%1777558780.503",
        "protobuf/5.29.3#2106fa74a66b9c0166a38dd01c74c88e%1768401322.455",
        "pkgconf/2.5.1#93c2051284cba1279494a43a4fcfeae2%1757684701.089",
        "pkgconf/2.1.0#21f96520faf7660b99f872e956d2ac13%1755505630.82",
        "ninja/1.13.2#c8c5dc2a52ed6e4e42a66d75b4717ceb%1764096931.974",
        "meson/1.10.2#9d2d10681fe7fe61c788c58626c89b25%1775558003.754",
        "m4/1.4.19#1727f439cf74e83826ec96d0b4904eee%1784541921.659",
        "libtool/2.4.7#14e7739cc128bc1623d2ed318008e47e%1755679003.847",
        "gnu-config/cci.20210814#466e9d4d7779e1c142443f7ea44b4284%1762363589.329",
        "cmake/4.4.2#8a0d360635c870b1d5c675489ee25074%1786458127.662",
        "cmake/3.31.12#173a926abc2b77f03c826b6fd6539426%1779785723.158",
        "b2/5.5.3#043a75bcbb090e3f81f7ac849850d0ca%1784261134.143",
        "automake/1.16.5#b91b7c384c3deaa9d535be02da14d04f%1755524470.56",
        "autoconf/2.71#51077f068e61700d65bb05541ea1e4b0%1731054366.86",
        "abseil/20240722.1#23fab6de6fb8f7dec1256e65e4dc3f5e%1773137905.064"
    ],
    "python_requires": [],
    "overrides": {
        "protobuf/5.29.3#2106fa74a66b9c0166a38dd01c74c88e": [
            null,
            "protobuf/5.29.3"
        ],
        "icu/73.2": [
            "icu/76.1"
        ],
        "abseil/[>=20240116.1 <=20250127.0]": [
            "abseil/20240722.1#23fab6de6fb8f7dec1256e65e4dc3f5e"
        ],
        "abseil/[>=20230802.1 <=20250127.0]": [
            "abseil/20240722.1"
        ]
    },
    "config_requires": []
}
